
Microsoft Visual Studio Solution File, Format Version 12.00
# Visual Studio Version 17
VisualStudioVersion = 17.14.35906.104 d17.14
MinimumVisualStudioVersion = 10.0.40219.1
Project("{FAE04EC0-301F-11D3-BF4B-00C04F79EFBC}") = "N11__YP__Task1_11.04.2025", "N11__YP__Task1_11.04.2025.csproj", "{EA62341D-4B81-401B-9C3C-1E9B13EF1DB4}"
EndProject
Global
	GlobalSection(SolutionConfigurationPlatforms) = preSolution
		Debug|Any CPU = Debug|Any CPU
		Release|Any CPU = Release|Any CPU
	EndGlobalSection
	GlobalSection(ProjectConfigurationPlatforms) = postSolution
		{EA62341D-4B81-401B-9C3C-1E9B13EF1DB4}.Debug|Any CPU.ActiveCfg = Debug|Any CPU
		{EA62341D-4B81-401B-9C3C-1E9B13EF1DB4}.Debug|Any CPU.Build.0 = Debug|Any CPU
		{EA62341D-4B81-401B-9C3C-1E9B13EF1DB4}.Release|Any CPU.ActiveCfg = Release|Any CPU
		{EA62341D-4B81-401B-9C3C-1E9B13EF1DB4}.Release|Any CPU.Build.0 = Release|Any CPU
	EndGlobalSection
	GlobalSection(SolutionProperties) = preSolution
		HideSolutionNode = FALSE
	EndGlobalSection
	GlobalSection(ExtensibilityGlobals) = postSolution
		SolutionGuid = {3DEA9238-44BF-452A-A55B-C9E088E9460F}
	EndGlobalSection
EndGlobal
